
Microsoft Visual Studio Solution File, Format Version 12.00
# Visual Studio 14
VisualStudioVersion = 14.0.23107.0
MinimumVisualStudioVersion = 10.0.40219.1
Project("{FAE04EC0-301F-11D3-BF4B-00C04F79EFBC}") = "monprojet_eaupotable", "monprojet_eaupotable\monprojet_eaupotable.csproj", "{1DB47F67-C5DF-46AD-96F9-E23F39BEA1AA}"
EndProject
Global
	GlobalSection(SolutionConfigurationPlatforms) = preSolution
		Debug|Any CPU = Debug|Any CPU
		Release|Any CPU = Release|Any CPU
	EndGlobalSection
	GlobalSection(ProjectConfigurationPlatforms) = postSolution
		{1DB47F67-C5DF-46AD-96F9-E23F39BEA1AA}.Debug|Any CPU.ActiveCfg = Debug|Any CPU
		{1DB47F67-C5DF-46AD-96F9-E23F39BEA1AA}.Debug|Any CPU.Build.0 = Debug|Any CPU
		{1DB47F67-C5DF-46AD-96F9-E23F39BEA1AA}.Release|Any CPU.ActiveCfg = Release|Any CPU
		{1DB47F67-C5DF-46AD-96F9-E23F39BEA1AA}.Release|Any CPU.Build.0 = Release|Any CPU
	EndGlobalSection
	GlobalSection(SolutionProperties) = preSolution
		HideSolutionNode = FALSE
	EndGlobalSection
EndGlobal
